{
  "object": {
    "pins": [
      {
        "package": "CSDL2",
        "repositoryURL": "https://github.com/drmidnight/CSDL2.git",
        "state": {
          "branch": null,
          "revision": "8b87aa30c0666ae24e0fb18114a56824e4a71304",
          "version": "0.0.5"
        }
      }
    ]
  },
  "version": 1
}
