{
  "object": {
    "pins": [
      {
        "package": "CSDL2",
        "repositoryURL": "https://github.com/drmidnight/CSDL2.git",
        "state": {
          "branch": null,
          "revision": "cf81286e9be33f758cb6dc9280318b933b58309e",
          "version": "0.0.4"
        }
      }
    ]
  },
  "version": 1
}
